
Microsoft Visual Studio Solution File, Format Version 12.00
# Visual Studio Version 16
VisualStudioVersion = 16.0.29215.179
MinimumVisualStudioVersion = 10.0.40219.1
Project("{FAE04EC0-301F-11D3-BF4B-00C04F79EFBC}") = "ZoneTest_Project", "ZoneTest_Project\ZoneTest_Project.csproj", "{8618F5C0-1EC1-4522-A5F1-9B3787C2810A}"
EndProject
Global
	GlobalSection(SolutionConfigurationPlatforms) = preSolution
		Debug|Any CPU = Debug|Any CPU
		Release|Any CPU = Release|Any CPU
	EndGlobalSection
	GlobalSection(ProjectConfigurationPlatforms) = postSolution
		{8618F5C0-1EC1-4522-A5F1-9B3787C2810A}.Debug|Any CPU.ActiveCfg = Debug|Any CPU
		{8618F5C0-1EC1-4522-A5F1-9B3787C2810A}.Debug|Any CPU.Build.0 = Debug|Any CPU
		{8618F5C0-1EC1-4522-A5F1-9B3787C2810A}.Release|Any CPU.ActiveCfg = Release|Any CPU
		{8618F5C0-1EC1-4522-A5F1-9B3787C2810A}.Release|Any CPU.Build.0 = Release|Any CPU
	EndGlobalSection
	GlobalSection(SolutionProperties) = preSolution
		HideSolutionNode = FALSE
	EndGlobalSection
	GlobalSection(ExtensibilityGlobals) = postSolution
		SolutionGuid = {EFC6808F-85F0-4228-9EDC-705263739733}
	EndGlobalSection
EndGlobal
